
Microsoft Visual Studio Solution File, Format Version 12.00
# Visual Studio Version 17
VisualStudioVersion = 17.3.32929.385
MinimumVisualStudioVersion = 10.0.40219.1
Project("{FAE04EC0-301F-11D3-BF4B-00C04F79EFBC}") = "MyAppAPI", "MyAppAPI\MyAppAPI.csproj", "{975DAC9A-532A-4A36-8E60-FBC550C374AB}"
EndProject
Global
	GlobalSection(SolutionConfigurationPlatforms) = preSolution
		Debug|Any CPU = Debug|Any CPU
		Release|Any CPU = Release|Any CPU
	EndGlobalSection
	GlobalSection(ProjectConfigurationPlatforms) = postSolution
		{975DAC9A-532A-4A36-8E60-FBC550C374AB}.Debug|Any CPU.ActiveCfg = Debug|Any CPU
		{975DAC9A-532A-4A36-8E60-FBC550C374AB}.Debug|Any CPU.Build.0 = Debug|Any CPU
		{975DAC9A-532A-4A36-8E60-FBC550C374AB}.Release|Any CPU.ActiveCfg = Release|Any CPU
		{975DAC9A-532A-4A36-8E60-FBC550C374AB}.Release|Any CPU.Build.0 = Release|Any CPU
	EndGlobalSection
	GlobalSection(SolutionProperties) = preSolution
		HideSolutionNode = FALSE
	EndGlobalSection
	GlobalSection(ExtensibilityGlobals) = postSolution
		SolutionGuid = {C174FBB2-24FB-4C01-99AF-F6AB25A67AB2}
	EndGlobalSection
EndGlobal
